
Microsoft Visual Studio Solution File, Format Version 12.00
# Visual Studio Version 17
VisualStudioVersion = 17.0.31903.59
MinimumVisualStudioVersion = 10.0.40219.1
Project("{2150E333-8FDC-42A3-9474-1A3956D46DE8}") = "src", "src", "{A4D7B7AB-8082-4DE0-92CC-A99133CB951E}"
EndProject
Project("{FAE04EC0-301F-11D3-BF4B-00C04F79EFBC}") = "todo.api", "src\todo.api\todo.api.csproj", "{A1D2A99D-02D8-4BD1-AFB2-A0E430EC8DEA}"
EndProject
Project("{2150E333-8FDC-42A3-9474-1A3956D46DE8}") = "tests", "tests", "{522890CD-417E-4D27-87B2-9B52525F7A26}"
EndProject
Project("{FAE04EC0-301F-11D3-BF4B-00C04F79EFBC}") = "todo.tests", "tests\todo.tests\todo.tests.csproj", "{BC941200-72DC-45D8-90EB-A36992E42E45}"
EndProject
Global
	GlobalSection(SolutionProperties) = preSolution
		HideSolutionNode = FALSE
	EndGlobalSection
	GlobalSection(SolutionConfigurationPlatforms) = preSolution
		Debug|Any CPU = Debug|Any CPU
		Debug|x64 = Debug|x64
		Debug|x86 = Debug|x86
		Release|Any CPU = Release|Any CPU
		Release|x64 = Release|x64
		Release|x86 = Release|x86
	EndGlobalSection
	GlobalSection(ProjectConfigurationPlatforms) = postSolution
		{A1D2A99D-02D8-4BD1-AFB2-A0E430EC8DEA}.Debug|Any CPU.ActiveCfg = Debug|Any CPU
		{A1D2A99D-02D8-4BD1-AFB2-A0E430EC8DEA}.Debug|Any CPU.Build.0 = Debug|Any CPU
		{A1D2A99D-02D8-4BD1-AFB2-A0E430EC8DEA}.Debug|x64.ActiveCfg = Debug|Any CPU
		{A1D2A99D-02D8-4BD1-AFB2-A0E430EC8DEA}.Debug|x64.Build.0 = Debug|Any CPU
		{A1D2A99D-02D8-4BD1-AFB2-A0E430EC8DEA}.Debug|x86.ActiveCfg = Debug|Any CPU
		{A1D2A99D-02D8-4BD1-AFB2-A0E430EC8DEA}.Debug|x86.Build.0 = Debug|Any CPU
		{A1D2A99D-02D8-4BD1-AFB2-A0E430EC8DEA}.Release|Any CPU.ActiveCfg = Release|Any CPU
		{A1D2A99D-02D8-4BD1-AFB2-A0E430EC8DEA}.Release|Any CPU.Build.0 = Release|Any CPU
		{A1D2A99D-02D8-4BD1-AFB2-A0E430EC8DEA}.Release|x64.ActiveCfg = Release|Any CPU
		{A1D2A99D-02D8-4BD1-AFB2-A0E430EC8DEA}.Release|x64.Build.0 = Release|Any CPU
		{A1D2A99D-02D8-4BD1-AFB2-A0E430EC8DEA}.Release|x86.ActiveCfg = Release|Any CPU
		{A1D2A99D-02D8-4BD1-AFB2-A0E430EC8DEA}.Release|x86.Build.0 = Release|Any CPU
		{BC941200-72DC-45D8-90EB-A36992E42E45}.Debug|Any CPU.ActiveCfg = Debug|Any CPU
		{BC941200-72DC-45D8-90EB-A36992E42E45}.Debug|Any CPU.Build.0 = Debug|Any CPU
		{BC941200-72DC-45D8-90EB-A36992E42E45}.Debug|x64.ActiveCfg = Debug|Any CPU
		{BC941200-72DC-45D8-90EB-A36992E42E45}.Debug|x64.Build.0 = Debug|Any CPU
		{BC941200-72DC-45D8-90EB-A36992E42E45}.Debug|x86.ActiveCfg = Debug|Any CPU
		{BC941200-72DC-45D8-90EB-A36992E42E45}.Debug|x86.Build.0 = Debug|Any CPU
		{BC941200-72DC-45D8-90EB-A36992E42E45}.Release|Any CPU.ActiveCfg = Release|Any CPU
		{BC941200-72DC-45D8-90EB-A36992E42E45}.Release|Any CPU.Build.0 = Release|Any CPU
		{BC941200-72DC-45D8-90EB-A36992E42E45}.Release|x64.ActiveCfg = Release|Any CPU
		{BC941200-72DC-45D8-90EB-A36992E42E45}.Release|x64.Build.0 = Release|Any CPU
		{BC941200-72DC-45D8-90EB-A36992E42E45}.Release|x86.ActiveCfg = Release|Any CPU
		{BC941200-72DC-45D8-90EB-A36992E42E45}.Release|x86.Build.0 = Release|Any CPU
	EndGlobalSection
	GlobalSection(NestedProjects) = preSolution
		{A1D2A99D-02D8-4BD1-AFB2-A0E430EC8DEA} = {A4D7B7AB-8082-4DE0-92CC-A99133CB951E}
		{BC941200-72DC-45D8-90EB-A36992E42E45} = {522890CD-417E-4D27-87B2-9B52525F7A26}
	EndGlobalSection
EndGlobal
